
Microsoft Visual Studio Solution File, Format Version 12.00
# Visual Studio Version 16
VisualStudioVersion = 16.0.32630.194
MinimumVisualStudioVersion = 10.0.40219.1
Project("{FAE04EC0-301F-11D3-BF4B-00C04F79EFBC}") = "HastaneKayit", "HastaneKayit.csproj", "{42B173E9-FF51-42BB-803E-B527B4FBE42E}"
EndProject
Global
	GlobalSection(SolutionConfigurationPlatforms) = preSolution
		Debug|Any CPU = Debug|Any CPU
		Release|Any CPU = Release|Any CPU
	EndGlobalSection
	GlobalSection(ProjectConfigurationPlatforms) = postSolution
		{42B173E9-FF51-42BB-803E-B527B4FBE42E}.Debug|Any CPU.ActiveCfg = Debug|Any CPU
		{42B173E9-FF51-42BB-803E-B527B4FBE42E}.Debug|Any CPU.Build.0 = Debug|Any CPU
		{42B173E9-FF51-42BB-803E-B527B4FBE42E}.Release|Any CPU.ActiveCfg = Release|Any CPU
		{42B173E9-FF51-42BB-803E-B527B4FBE42E}.Release|Any CPU.Build.0 = Release|Any CPU
	EndGlobalSection
	GlobalSection(SolutionProperties) = preSolution
		HideSolutionNode = FALSE
	EndGlobalSection
	GlobalSection(ExtensibilityGlobals) = postSolution
		SolutionGuid = {B7525BCA-66A9-4A26-9D83-FC4CC2EB37DD}
	EndGlobalSection
EndGlobal
